{
  "name": "itra-libs",
  "lockfileVersion": 2,
  "requires": true,
  "packages": {
    "": {
      "dependencies": {
        "jquery.fancytree": "^2.38.4"
      }
    },
    "node_modules/jquery": {
      "version": "3.7.1",
      "resolved": "https://registry.npmjs.org/jquery/-/jquery-3.7.1.tgz",
      "integrity": "sha512-m4avr8yL8kmFN8psrbFFFmB/If14iN5o9nw/NgnnM+kybDJpRsAynV2BsfpTYrTRysYUdADVD7CkUUizgkpLfg==",
      "peer": true
    },
    "node_modules/jquery.fancytree": {
      "version": "2.38.4",
      "resolved": "https://registry.npmjs.org/jquery.fancytree/-/jquery.fancytree-2.38.4.tgz",
      "integrity": "sha512-f4Fv5jZiZ6pBml/9txcJRAQDZpqQGGoJ8BUbicZKcO4CpgGbqBX9W7eQFwEaKQS0bxdVBLbqWQ9RoUK05ON2kQ==",
      "peerDependencies": {
        "jquery": ">=1.9"
      }
    }
  },
  "dependencies": {
    "jquery": {
      "version": "3.7.1",
      "resolved": "https://registry.npmjs.org/jquery/-/jquery-3.7.1.tgz",
      "integrity": "sha512-m4avr8yL8kmFN8psrbFFFmB/If14iN5o9nw/NgnnM+kybDJpRsAynV2BsfpTYrTRysYUdADVD7CkUUizgkpLfg==",
      "peer": true
    },
    "jquery.fancytree": {
      "version": "2.38.4",
      "resolved": "https://registry.npmjs.org/jquery.fancytree/-/jquery.fancytree-2.38.4.tgz",
      "integrity": "sha512-f4Fv5jZiZ6pBml/9txcJRAQDZpqQGGoJ8BUbicZKcO4CpgGbqBX9W7eQFwEaKQS0bxdVBLbqWQ9RoUK05ON2kQ==",
      "requires": {}
    }
  }
}
